
Microsoft Visual Studio Solution File, Format Version 12.00
# Visual Studio Version 17
VisualStudioVersion = 17.5.33424.131
MinimumVisualStudioVersion = 10.0.40219.1
Project("{FAE04EC0-301F-11D3-BF4B-00C04F79EFBC}") = "SmartSchoolLifeAPI", "SmartSchoolLifeAPI\SmartSchoolLifeAPI.csproj", "{C89D36C3-8EF6-48D4-9444-503FBF2EF8B4}"
EndProject
Project("{FAE04EC0-301F-11D3-BF4B-00C04F79EFBC}") = "Common", "Common\Common.csproj", "{A15F2215-BDA2-44F8-8876-673991C0FE28}"
EndProject
Project("{2150E333-8FDC-42A3-9474-1A3956D46DE8}") = "Revamp.SmartSchool.Core", "Revamp.SmartSchool.Core", "{9201A4C3-4E04-4C3C-A1AB-8D36530C4B5D}"
EndProject
Project("{FAE04EC0-301F-11D3-BF4B-00C04F79EFBC}") = "SmartSchool.FireBase.Service", "..\SmartSchoolsWeb\SmartSchool.FireBase.Service\SmartSchool.FireBase.Service.csproj", "{75AEB1B7-2A42-4866-94E7-54924060B31D}"
EndProject
Project("{FAE04EC0-301F-11D3-BF4B-00C04F79EFBC}") = "SmartSchool.Logger.Service", "..\SmartSchoolsWeb\SmartSchool.Logger.Service\SmartSchool.Logger.Service.csproj", "{70FC50B4-53A1-4DD9-8744-C0E25BE0A810}"
EndProject
Project("{2150E333-8FDC-42A3-9474-1A3956D46DE8}") = "Interfaces", "Interfaces", "{6FC71C2D-7B40-4233-8F87-6A91303F249E}"
EndProject
Project("{2150E333-8FDC-42A3-9474-1A3956D46DE8}") = "Services", "Services", "{C71235C4-5523-482A-9713-A16D4D88E054}"
EndProject
Project("{FAE04EC0-301F-11D3-BF4B-00C04F79EFBC}") = "SmartSchool.Core.IDataAccess", "..\SmartSchoolsWeb\SmartSchool.Core.IDataAccess\SmartSchool.Core.IDataAccess.csproj", "{3DE809FC-02D8-4B30-BA63-2B02D03DC130}"
EndProject
Project("{FAE04EC0-301F-11D3-BF4B-00C04F79EFBC}") = "SmartSchool.Core.IDataService", "..\SmartSchoolsWeb\SmartSchool.Core.IDataService\SmartSchool.Core.IDataService.csproj", "{73AE4E3C-5398-43C9-B23E-EA7082968CFC}"
EndProject
Project("{FAE04EC0-301F-11D3-BF4B-00C04F79EFBC}") = "SmartSchool.Core.DbContextManager", "..\SmartSchoolsWeb\SmartSchool.Core.DbContextManager\SmartSchool.Core.DbContextManager.csproj", "{D0F5B33B-5C81-43C0-BD18-66741668BEE2}"
EndProject
Project("{FAE04EC0-301F-11D3-BF4B-00C04F79EFBC}") = "SmartSchool.Core.DataService", "..\SmartSchoolsWeb\SmartSchool.Core.DataService\SmartSchool.Core.DataService.csproj", "{53BC3DE2-F834-4F9B-A699-1E127683F13D}"
EndProject
Project("{FAE04EC0-301F-11D3-BF4B-00C04F79EFBC}") = "SmartSchool.Core.DataAccess", "..\SmartSchoolsWeb\SmartSchool.Core.DataAccess\SmartSchool.Core.DataAccess.csproj", "{8DEBD9C0-941E-46F1-887B-B84DB812035D}"
EndProject
Global
	GlobalSection(SolutionConfigurationPlatforms) = preSolution
		Debug|Any CPU = Debug|Any CPU
		Release|Any CPU = Release|Any CPU
	EndGlobalSection
	GlobalSection(ProjectConfigurationPlatforms) = postSolution
		{C89D36C3-8EF6-48D4-9444-503FBF2EF8B4}.Debug|Any CPU.ActiveCfg = Debug|Any CPU
		{C89D36C3-8EF6-48D4-9444-503FBF2EF8B4}.Debug|Any CPU.Build.0 = Debug|Any CPU
		{C89D36C3-8EF6-48D4-9444-503FBF2EF8B4}.Release|Any CPU.ActiveCfg = Release|Any CPU
		{C89D36C3-8EF6-48D4-9444-503FBF2EF8B4}.Release|Any CPU.Build.0 = Release|Any CPU
		{A15F2215-BDA2-44F8-8876-673991C0FE28}.Debug|Any CPU.ActiveCfg = Debug|Any CPU
		{A15F2215-BDA2-44F8-8876-673991C0FE28}.Debug|Any CPU.Build.0 = Debug|Any CPU
		{A15F2215-BDA2-44F8-8876-673991C0FE28}.Release|Any CPU.ActiveCfg = Release|Any CPU
		{A15F2215-BDA2-44F8-8876-673991C0FE28}.Release|Any CPU.Build.0 = Release|Any CPU
		{75AEB1B7-2A42-4866-94E7-54924060B31D}.Debug|Any CPU.ActiveCfg = Debug|Any CPU
		{75AEB1B7-2A42-4866-94E7-54924060B31D}.Debug|Any CPU.Build.0 = Debug|Any CPU
		{75AEB1B7-2A42-4866-94E7-54924060B31D}.Release|Any CPU.ActiveCfg = Release|Any CPU
		{75AEB1B7-2A42-4866-94E7-54924060B31D}.Release|Any CPU.Build.0 = Release|Any CPU
		{70FC50B4-53A1-4DD9-8744-C0E25BE0A810}.Debug|Any CPU.ActiveCfg = Debug|Any CPU
		{70FC50B4-53A1-4DD9-8744-C0E25BE0A810}.Debug|Any CPU.Build.0 = Debug|Any CPU
		{70FC50B4-53A1-4DD9-8744-C0E25BE0A810}.Release|Any CPU.ActiveCfg = Release|Any CPU
		{70FC50B4-53A1-4DD9-8744-C0E25BE0A810}.Release|Any CPU.Build.0 = Release|Any CPU
		{3DE809FC-02D8-4B30-BA63-2B02D03DC130}.Debug|Any CPU.ActiveCfg = Debug|Any CPU
		{3DE809FC-02D8-4B30-BA63-2B02D03DC130}.Debug|Any CPU.Build.0 = Debug|Any CPU
		{3DE809FC-02D8-4B30-BA63-2B02D03DC130}.Release|Any CPU.ActiveCfg = Release|Any CPU
		{3DE809FC-02D8-4B30-BA63-2B02D03DC130}.Release|Any CPU.Build.0 = Release|Any CPU
		{73AE4E3C-5398-43C9-B23E-EA7082968CFC}.Debug|Any CPU.ActiveCfg = Debug|Any CPU
		{73AE4E3C-5398-43C9-B23E-EA7082968CFC}.Debug|Any CPU.Build.0 = Debug|Any CPU
		{73AE4E3C-5398-43C9-B23E-EA7082968CFC}.Release|Any CPU.ActiveCfg = Release|Any CPU
		{73AE4E3C-5398-43C9-B23E-EA7082968CFC}.Release|Any CPU.Build.0 = Release|Any CPU
		{D0F5B33B-5C81-43C0-BD18-66741668BEE2}.Debug|Any CPU.ActiveCfg = Debug|Any CPU
		{D0F5B33B-5C81-43C0-BD18-66741668BEE2}.Debug|Any CPU.Build.0 = Debug|Any CPU
		{D0F5B33B-5C81-43C0-BD18-66741668BEE2}.Release|Any CPU.ActiveCfg = Release|Any CPU
		{D0F5B33B-5C81-43C0-BD18-66741668BEE2}.Release|Any CPU.Build.0 = Release|Any CPU
		{53BC3DE2-F834-4F9B-A699-1E127683F13D}.Debug|Any CPU.ActiveCfg = Debug|Any CPU
		{53BC3DE2-F834-4F9B-A699-1E127683F13D}.Debug|Any CPU.Build.0 = Debug|Any CPU
		{53BC3DE2-F834-4F9B-A699-1E127683F13D}.Release|Any CPU.ActiveCfg = Release|Any CPU
		{53BC3DE2-F834-4F9B-A699-1E127683F13D}.Release|Any CPU.Build.0 = Release|Any CPU
		{8DEBD9C0-941E-46F1-887B-B84DB812035D}.Debug|Any CPU.ActiveCfg = Debug|Any CPU
		{8DEBD9C0-941E-46F1-887B-B84DB812035D}.Debug|Any CPU.Build.0 = Debug|Any CPU
		{8DEBD9C0-941E-46F1-887B-B84DB812035D}.Release|Any CPU.ActiveCfg = Release|Any CPU
		{8DEBD9C0-941E-46F1-887B-B84DB812035D}.Release|Any CPU.Build.0 = Release|Any CPU
	EndGlobalSection
	GlobalSection(SolutionProperties) = preSolution
		HideSolutionNode = FALSE
	EndGlobalSection
	GlobalSection(NestedProjects) = preSolution
		{75AEB1B7-2A42-4866-94E7-54924060B31D} = {C71235C4-5523-482A-9713-A16D4D88E054}
		{70FC50B4-53A1-4DD9-8744-C0E25BE0A810} = {C71235C4-5523-482A-9713-A16D4D88E054}
		{6FC71C2D-7B40-4233-8F87-6A91303F249E} = {9201A4C3-4E04-4C3C-A1AB-8D36530C4B5D}
		{C71235C4-5523-482A-9713-A16D4D88E054} = {9201A4C3-4E04-4C3C-A1AB-8D36530C4B5D}
		{3DE809FC-02D8-4B30-BA63-2B02D03DC130} = {6FC71C2D-7B40-4233-8F87-6A91303F249E}
		{73AE4E3C-5398-43C9-B23E-EA7082968CFC} = {6FC71C2D-7B40-4233-8F87-6A91303F249E}
		{D0F5B33B-5C81-43C0-BD18-66741668BEE2} = {9201A4C3-4E04-4C3C-A1AB-8D36530C4B5D}
		{53BC3DE2-F834-4F9B-A699-1E127683F13D} = {9201A4C3-4E04-4C3C-A1AB-8D36530C4B5D}
		{8DEBD9C0-941E-46F1-887B-B84DB812035D} = {9201A4C3-4E04-4C3C-A1AB-8D36530C4B5D}
	EndGlobalSection
	GlobalSection(ExtensibilityGlobals) = postSolution
		SolutionGuid = {06A049FC-66BF-4989-A30A-46ADFD81022B}
	EndGlobalSection
EndGlobal
